
Microsoft Visual Studio Solution File, Format Version 12.00
# Visual Studio Version 16
VisualStudioVersion = 16.0.31729.503
MinimumVisualStudioVersion = 10.0.40219.1
Project("{9A19103F-16F7-4668-BE54-9A1E7A4F7556}") = "MovieCoreApi", "MovieCoreApi\MovieCoreApi.csproj", "{55F7056D-6433-4D57-B798-263703CE5618}"
EndProject
Project("{FAE04EC0-301F-11D3-BF4B-00C04F79EFBC}") = "MovieCoreApp", "MovieCoreApp\MovieCoreApp.csproj", "{762CF221-0480-474B-910B-F3F03DE02B91}"
EndProject
Global
	GlobalSection(SolutionConfigurationPlatforms) = preSolution
		Debug|Any CPU = Debug|Any CPU
		Release|Any CPU = Release|Any CPU
	EndGlobalSection
	GlobalSection(ProjectConfigurationPlatforms) = postSolution
		{55F7056D-6433-4D57-B798-263703CE5618}.Debug|Any CPU.ActiveCfg = Debug|Any CPU
		{55F7056D-6433-4D57-B798-263703CE5618}.Debug|Any CPU.Build.0 = Debug|Any CPU
		{55F7056D-6433-4D57-B798-263703CE5618}.Release|Any CPU.ActiveCfg = Release|Any CPU
		{55F7056D-6433-4D57-B798-263703CE5618}.Release|Any CPU.Build.0 = Release|Any CPU
		{762CF221-0480-474B-910B-F3F03DE02B91}.Debug|Any CPU.ActiveCfg = Debug|Any CPU
		{762CF221-0480-474B-910B-F3F03DE02B91}.Debug|Any CPU.Build.0 = Debug|Any CPU
		{762CF221-0480-474B-910B-F3F03DE02B91}.Release|Any CPU.ActiveCfg = Release|Any CPU
		{762CF221-0480-474B-910B-F3F03DE02B91}.Release|Any CPU.Build.0 = Release|Any CPU
	EndGlobalSection
	GlobalSection(SolutionProperties) = preSolution
		HideSolutionNode = FALSE
	EndGlobalSection
	GlobalSection(ExtensibilityGlobals) = postSolution
		SolutionGuid = {122402E1-536A-4C78-A2C5-028FAAF00671}
	EndGlobalSection
EndGlobal
